{
  "name": "p-7",
  "version": "0.0.0",
  "lockfileVersion": 1,
  "requires": true,
  "dependencies": {
    "@babel/code-frame": {
      "version": "7.14.5",
      "resolved": "https://registry.npmjs.org/@babel/code-frame/-/code-frame-7.14.5.tgz",
      "integrity": "sha512-9pzDqyc6OLDaqe+zbACgFkb6fKMNG6CObKpnYXChRsvYGyEdc7CA2BaqeOM+vOtCS5ndmJicPJhKAwYRI6UfFw==",
      "dev": true,
      "requires": {
        "@babel/highlight": "^7.14.5"
      }
    },
    "@babel/helper-validator-identifier": {
      "version": "7.14.9",
      "resolved": "https://registry.npmjs.org/@babel/helper-validator-identifier/-/helper-validator-identifier-7.14.9.tgz",
      "integrity": "sha512-pQYxPY0UP6IHISRitNe8bsijHex4TWZXi2HwKVsjPiltzlhse2znVcm9Ace510VT1kxIHjGJCZZQBX2gJDbo0g==",
      "dev": true
    },
    "@babel/highlight": {
      "version": "7.14.5",
      "resolved": "https://registry.npmjs.org/@babel/highlight/-/highlight-7.14.5.tgz",
      "integrity": "sha512-qf9u2WFWVV0MppaL877j2dBtQIDgmidgjGk5VIMw3OadXvYaXn66U1BFlH2t4+t3i+8PhedppRv+i40ABzd+gg==",
      "dev": true,
      "requires": {
        "@babel/helper-validator-identifier": "^7.14.5",
        "chalk": "^2.0.0",
        "js-tokens": "^4.0.0"
      },
      "dependencies": {
        "ansi-styles": {
          "version": "3.2.1",
          "resolved": "https://registry.npmjs.org/ansi-styles/-/ansi-styles-3.2.1.tgz",
          "integrity": "sha512-VT0ZI6kZRdTh8YyJw3SMbYm/u+NqfsAxEpWO0Pf9sq8/e94WxxOpPKx9FR1FlyCtOVDNOQ+8ntlqFxiRc+r5qA==",
          "dev": true,
          "requires": {
            "color-convert": "^1.9.0"
          }
        },
        "chalk": {
          "version": "2.4.2",
          "resolved": "https://registry.npmjs.org/chalk/-/chalk-2.4.2.tgz",
          "integrity": "sha512-Mti+f9lpJNcwF4tWV8/OrTTtF1gZi+f8FqlyAdouralcFWFQWF2+NgCHShjkCb+IFBLq9buZwE1xckQU4peSuQ==",
          "dev": true,
          "requires": {
            "ansi-styles": "^3.2.1",
            "escape-string-regexp": "^1.0.5",
            "supports-color": "^5.3.0"
          }
        },
        "color-convert": {
          "version": "1.9.3",
          "resolved": "https://registry.npmjs.org/color-convert/-/color-convert-1.9.3.tgz",
          "integrity": "sha512-QfAUtd+vFdAtFQcC8CCyYt1fYWxSqAiK2cSD6zDB8N3cpsEBAvRxp9zOGg6G/SHHJYAT88/az/IuDGALsNVbGg==",
          "dev": true,
          "requires": {
            "color-name": "1.1.3"
          }
        },
        "color-name": {
          "version": "1.1.3",
          "resolved": "https://registry.npmjs.org/color-name/-/color-name-1.1.3.tgz",
          "integrity": "sha1-p9BVi9icQveV3UIyj3QIMcpTvCU=",
          "dev": true
        },
        "has-flag": {
          "version": "3.0.0",
          "resolved": "https://registry.npmjs.org/has-flag/-/has-flag-3.0.0.tgz",
          "integrity": "sha1-tdRU3CGZriJWmfNGfloH87lVuv0=",
          "dev": true
        },
        "supports-color": {
          "version": "5.5.0",
          "resolved": "https://registry.npmjs.org/supports-color/-/supports-color-5.5.0.tgz",
          "integrity": "sha512-QjVjwdXIt408MIiAqCX4oUKsgU2EqAGzs2Ppkm4aQYbjm+ZEWEcW4SfFNTr4uMNZma0ey4f5lgLrkB0aX0QMow==",
          "dev": true,
          "requires": {
            "has-flag": "^3.0.0"
          }
        }
      }
    },
    "@chevrotain/types": {
      "version": "9.0.2",
      "resolved": "https://registry.npmjs.org/@chevrotain/types/-/types-9.0.2.tgz",
      "integrity": "sha512-lo1dQPX7DQffJb26eaYLEy4/jUTFmsGKa43mDvMNAHwItEgUQHUkTZR0iAkHG0aJv8ejM/KqYpRVSNetrOK8qw==",
      "dev": true
    },
    "@chevrotain/utils": {
      "version": "9.0.2",
      "resolved": "https://registry.npmjs.org/@chevrotain/utils/-/utils-9.0.2.tgz",
      "integrity": "sha512-iTju1VpbGruWagXS/XswuqeimOCRNeDvrXLlWHYsHp1qTU8sJfAfLiX5vs7DNxB1px6N8VWVI0SD8vMUksNBYw==",
      "dev": true
    },
    "@dabh/diagnostics": {
      "version": "2.0.2",
      "resolved": "https://registry.npmjs.org/@dabh/diagnostics/-/diagnostics-2.0.2.tgz",
      "integrity": "sha512-+A1YivoVDNNVCdfozHSR8v/jyuuLTMXwjWuxPFlFlUapXoGc+Gj9mDlTDDfrwl7rXCl2tNZ0kE8sIBO6YOn96Q==",
      "dev": true,
      "requires": {
        "colorspace": "1.1.x",
        "enabled": "2.0.x",
        "kuler": "^2.0.0"
      }
    },
    "@nodelib/fs.scandir": {
      "version": "2.1.5",
      "resolved": "https://registry.npmjs.org/@nodelib/fs.scandir/-/fs.scandir-2.1.5.tgz",
      "integrity": "sha512-vq24Bq3ym5HEQm2NKCr3yXDwjc7vTsEThRDnkp2DK9p1uqLR+DHurm/NOTo0KG7HYHU7eppKZj3MyqYuMBf62g==",
      "dev": true,
      "requires": {
        "@nodelib/fs.stat": "2.0.5",
        "run-parallel": "^1.1.9"
      }
    },
    "@nodelib/fs.stat": {
      "version": "2.0.5",
      "resolved": "https://registry.npmjs.org/@nodelib/fs.stat/-/fs.stat-2.0.5.tgz",
      "integrity": "sha512-RkhPPp2zrqDAQA/2jNhnztcPAlv64XdhIp7a7454A5ovI7Bukxgt7MX7udwAu3zg1DcpPU0rz3VV1SeaqvY4+A==",
      "dev": true
    },
    "@nodelib/fs.walk": {
      "version": "1.2.8",
      "resolved": "https://registry.npmjs.org/@nodelib/fs.walk/-/fs.walk-1.2.8.tgz",
      "integrity": "sha512-oGB+UxlgWcgQkgwo8GcEGwemoTFt3FIO9ababBmaGwXIoBKZ+GTy0pP185beGg7Llih/NSHSV2XAs1lnznocSg==",
      "dev": true,
      "requires": {
        "@nodelib/fs.scandir": "2.1.5",
        "fastq": "^1.6.0"
      }
    },
    "@npmcli/arborist": {
      "version": "2.8.0",
      "resolved": "https://registry.npmjs.org/@npmcli/arborist/-/arborist-2.8.0.tgz",
      "integrity": "sha512-R9rTyak1rGdmVTyiU14dgBb+qMllY3B6I8hp7FB4xXsU9dJDrYZJR8I+191CMo5Y1941jTDCtNcXXW9TldPEFQ==",
      "dev": true,
      "requires": {
        "@npmcli/installed-package-contents": "^1.0.7",
        "@npmcli/map-workspaces": "^1.0.2",
        "@npmcli/metavuln-calculator": "^1.1.0",
        "@npmcli/move-file": "^1.1.0",
        "@npmcli/name-from-folder": "^1.0.1",
        "@npmcli/node-gyp": "^1.0.1",
        "@npmcli/package-json": "^1.0.1",
        "@npmcli/run-script": "^1.8.2",
        "bin-links": "^2.2.1",
        "cacache": "^15.0.3",
        "common-ancestor-path": "^1.0.1",
        "json-parse-even-better-errors": "^2.3.1",
        "json-stringify-nice": "^1.1.4",
        "mkdirp": "^1.0.4",
        "mkdirp-infer-owner": "^2.0.0",
        "npm-install-checks": "^4.0.0",
        "npm-package-arg": "^8.1.5",
        "npm-pick-manifest": "^6.1.0",
        "npm-registry-fetch": "^11.0.0",
        "pacote": "^11.3.5",
        "parse-conflict-json": "^1.1.1",
        "proc-log": "^1.0.0",
        "promise-all-reject-late": "^1.0.0",
        "promise-call-limit": "^1.0.1",
        "read-package-json-fast": "^2.0.2",
        "readdir-scoped-modules": "^1.1.0",
        "rimraf": "^3.0.2",
        "semver": "^7.3.5",
        "ssri": "^8.0.1",
        "tar": "^6.1.0",
        "treeverse": "^1.0.4",
        "walk-up-path": "^1.0.0"
      }
    },
    "@npmcli/git": {
      "version": "2.1.0",
      "resolved": "https://registry.npmjs.org/@npmcli/git/-/git-2.1.0.tgz",
      "integrity": "sha512-/hBFX/QG1b+N7PZBFs0bi+evgRZcK9nWBxQKZkGoXUT5hJSwl5c4d7y8/hm+NQZRPhQ67RzFaj5UM9YeyKoryw==",
      "dev": true,
      "requires": {
        "@npmcli/promise-spawn": "^1.3.2",
        "lru-cache": "^6.0.0",
        "mkdirp": "^1.0.4",
        "npm-pick-manifest": "^6.1.1",
        "promise-inflight": "^1.0.1",
        "promise-retry": "^2.0.1",
        "semver": "^7.3.5",
        "which": "^2.0.2"
      },
      "dependencies": {
        "which": {
          "version": "2.0.2",
          "resolved": "https://registry.npmjs.org/which/-/which-2.0.2.tgz",
          "integrity": "sha512-BLI3Tl1TW3Pvl70l3yq3Y64i+awpwXqsGBYWkkqMtnbXgrMD+yj7rhW0kuEDxzJaYXGjEW5ogapKNMEKNMjibA==",
          "dev": true,
          "requires": {
            "isexe": "^2.0.0"
          }
        }
      }
    },
    "@npmcli/installed-package-contents": {
      "version": "1.0.7",
      "resolved": "https://registry.npmjs.org/@npmcli/installed-package-contents/-/installed-package-contents-1.0.7.tgz",
      "integrity": "sha512-9rufe0wnJusCQoLpV9ZPKIVP55itrM5BxOXs10DmdbRfgWtHy1LDyskbwRnBghuB0PrF7pNPOqREVtpz4HqzKw==",
      "dev": true,
      "requires": {
        "npm-bundled": "^1.1.1",
        "npm-normalize-package-bin": "^1.0.1"
      }
    },
    "@npmcli/map-workspaces": {
      "version": "1.0.4",
      "resolved": "https://registry.npmjs.org/@npmcli/map-workspaces/-/map-workspaces-1.0.4.tgz",
      "integrity": "sha512-wVR8QxhyXsFcD/cORtJwGQodeeaDf0OxcHie8ema4VgFeqwYkFsDPnSrIRSytX8xR6nKPAH89WnwTcaU608b/Q==",
      "dev": true,
      "requires": {
        "@npmcli/name-from-folder": "^1.0.1",
        "glob": "^7.1.6",
        "minimatch": "^3.0.4",
        "read-package-json-fast": "^2.0.1"
      }
    },
    "@npmcli/metavuln-calculator": {
      "version": "1.1.1",
      "resolved": "https://registry.npmjs.org/@npmcli/metavuln-calculator/-/metavuln-calculator-1.1.1.tgz",
      "integrity": "sha512-9xe+ZZ1iGVaUovBVFI9h3qW+UuECUzhvZPxK9RaEA2mjU26o5D0JloGYWwLYvQELJNmBdQB6rrpuN8jni6LwzQ==",
      "dev": true,
      "requires": {
        "cacache": "^15.0.5",
        "pacote": "^11.1.11",
        "semver": "^7.3.2"
      }
    },
    "@npmcli/move-file": {
      "version": "1.1.2",
      "resolved": "https://registry.npmjs.org/@npmcli/move-file/-/move-file-1.1.2.tgz",
      "integrity": "sha512-1SUf/Cg2GzGDyaf15aR9St9TWlb+XvbZXWpDx8YKs7MLzMH/BCeopv+y9vzrzgkfykCGuWOlSu3mZhj2+FQcrg==",
      "dev": true,
      "requires": {
        "mkdirp": "^1.0.4",
        "rimraf": "^3.0.2"
      }
    },
    "@npmcli/name-from-folder": {
      "version": "1.0.1",
      "resolved": "https://registry.npmjs.org/@npmcli/name-from-folder/-/name-from-folder-1.0.1.tgz",
      "integrity": "sha512-qq3oEfcLFwNfEYOQ8HLimRGKlD8WSeGEdtUa7hmzpR8Sa7haL1KVQrvgO6wqMjhWFFVjgtrh1gIxDz+P8sjUaA==",
      "dev": true
    },
    "@npmcli/node-gyp": {
      "version": "1.0.2",
      "resolved": "https://registry.npmjs.org/@npmcli/node-gyp/-/node-gyp-1.0.2.tgz",
      "integrity": "sha512-yrJUe6reVMpktcvagumoqD9r08fH1iRo01gn1u0zoCApa9lnZGEigVKUd2hzsC